// !$*UTF8*$!
{
	archiveVersion = 1;
	classes = {
	};
	objectVersion = 46;
	objects = {

/* Begin PBXBuildFile section */
		13F54E0C93E9B282AF3044F7 /* libPods-LMChatTests.a in Frameworks */ = {isa = PBXBuildFile; fileRef = 7448832E2195E070BA67A6A6 /* libPods-LMChatTests.a */; };
		8684027D1D1CCB8200DF5380 /* main.m in Sources */ = {isa = PBXBuildFile; fileRef = 8684027C1D1CCB8200DF5380 /* main.m */; };
		868402801D1CCB8200DF5380 /* AppDelegate.m in Sources */ = {isa = PBXBuildFile; fileRef = 8684027F1D1CCB8200DF5380 /* AppDelegate.m */; };
		868402831D1CCB8200DF5380 /* ViewController.m in Sources */ = {isa = PBXBuildFile; fileRef = 868402821D1CCB8200DF5380 /* ViewController.m */; };
		868402861D1CCB8200DF5380 /* Main.storyboard in Resources */ = {isa = PBXBuildFile; fileRef = 868402841D1CCB8200DF5380 /* Main.storyboard */; };
		868402881D1CCB8200DF5380 /* Assets.xcassets in Resources */ = {isa = PBXBuildFile; fileRef = 868402871D1CCB8200DF5380 /* Assets.xcassets */; };
		8684028B1D1CCB8200DF5380 /* LaunchScreen.storyboard in Resources */ = {isa = PBXBuildFile; fileRef = 868402891D1CCB8200DF5380 /* LaunchScreen.storyboard */; };
		868402961D1CCB8200DF5380 /* LMChatTests.m in Sources */ = {isa = PBXBuildFile; fileRef = 868402951D1CCB8200DF5380 /* LMChatTests.m */; };
		868402A11D1CCB8200DF5380 /* LMChatUITests.m in Sources */ = {isa = PBXBuildFile; fileRef = 868402A01D1CCB8200DF5380 /* LMChatUITests.m */; };
		868402B11D1CE13500DF5380 /* jpush-ios-2.1.8.a in Frameworks */ = {isa = PBXBuildFile; fileRef = 868402AF1D1CE13500DF5380 /* jpush-ios-2.1.8.a */; };
		868402B31D1CE16300DF5380 /* CFNetwork.framework in Frameworks */ = {isa = PBXBuildFile; fileRef = 868402B21D1CE16300DF5380 /* CFNetwork.framework */; };
		868402B51D1CE17300DF5380 /* CoreFoundation.framework in Frameworks */ = {isa = PBXBuildFile; fileRef = 868402B41D1CE17300DF5380 /* CoreFoundation.framework */; };
		868402B71D1CE17B00DF5380 /* CoreTelephony.framework in Frameworks */ = {isa = PBXBuildFile; fileRef = 868402B61D1CE17B00DF5380 /* CoreTelephony.framework */; };
		868402B91D1CE18400DF5380 /* SystemConfiguration.framework in Frameworks */ = {isa = PBXBuildFile; fileRef = 868402B81D1CE18400DF5380 /* SystemConfiguration.framework */; };
		868402BB1D1CE18B00DF5380 /* CoreGraphics.framework in Frameworks */ = {isa = PBXBuildFile; fileRef = 868402BA1D1CE18B00DF5380 /* CoreGraphics.framework */; };
		868402BD1D1CE19500DF5380 /* Foundation.framework in Frameworks */ = {isa = PBXBuildFile; fileRef = 868402BC1D1CE19500DF5380 /* Foundation.framework */; };
		868402BF1D1CE19D00DF5380 /* UIKit.framework in Frameworks */ = {isa = PBXBuildFile; fileRef = 868402BE1D1CE19D00DF5380 /* UIKit.framework */; };
		868402C11D1CE1A400DF5380 /* Security.framework in Frameworks */ = {isa = PBXBuildFile; fileRef = 868402C01D1CE1A400DF5380 /* Security.framework */; };
		868402C31D1CE1B200DF5380 /* libz.tbd in Frameworks */ = {isa = PBXBuildFile; fileRef = 868402C21D1CE1B200DF5380 /* libz.tbd */; };
		C485F8BF04A6969389709379 /* libPods-LMChat.a in Frameworks */ = {isa = PBXBuildFile; fileRef = 7317014D25CA17C4DC8FC810 /* libPods-LMChat.a */; };
		C56C8F13440255D37FDE13AC /* libPods-LMChatUITests.a in Frameworks */ = {isa = PBXBuildFile; fileRef = D84FB6D601DC0F1F355EBF04 /* libPods-LMChatUITests.a */; };
/* End PBXBuildFile section */

/* Begin PBXContainerItemProxy section */
		868402921D1CCB8200DF5380 /* PBXContainerItemProxy */ = {
			isa = PBXContainerItemProxy;
			containerPortal = 868402701D1CCB8200DF5380 /* Project object */;
			proxyType = 1;
			remoteGlobalIDString = 868402771D1CCB8200DF5380;
			remoteInfo = LMChat;
		};
		8684029D1D1CCB8200DF5380 /* PBXContainerItemProxy */ = {
			isa = PBXContainerItemProxy;
			containerPortal = 868402701D1CCB8200DF5380 /* Project object */;
			proxyType = 1;
			remoteGlobalIDString = 868402771D1CCB8200DF5380;
			remoteInfo = LMChat;
		};
/* End PBXContainerItemProxy section */

/* Begin PBXFileReference section */
		6EED81FCE25008CF9ADA2A00 /* Pods-LMChatTests.release.xcconfig */ = {isa = PBXFileReference; includeInIndex = 1; lastKnownFileType = text.xcconfig; name = "Pods-LMChatTests.release.xcconfig"; path = "Pods/Target Support Files/Pods-LMChatTests/Pods-LMChatTests.release.xcconfig"; sourceTree = "<group>"; };
		7317014D25CA17C4DC8FC810 /* libPods-LMChat.a */ = {isa = PBXFileReference; explicitFileType = archive.ar; includeInIndex = 0; path = "libPods-LMChat.a"; sourceTree = BUILT_PRODUCTS_DIR; };
		7448832E2195E070BA67A6A6 /* libPods-LMChatTests.a */ = {isa = PBXFileReference; explicitFileType = archive.ar; includeInIndex = 0; path = "libPods-LMChatTests.a"; sourceTree = BUILT_PRODUCTS_DIR; };
		7DA7D0E791281F6819827190 /* Pods-LMChatTests.debug.xcconfig */ = {isa = PBXFileReference; includeInIndex = 1; lastKnownFileType = text.xcconfig; name = "Pods-LMChatTests.debug.xcconfig"; path = "Pods/Target Support Files/Pods-LMChatTests/Pods-LMChatTests.debug.xcconfig"; sourceTree = "<group>"; };
		8550E49611866C238C2324A0 /* Pods-LMChatUITests.release.xcconfig */ = {isa = PBXFileReference; includeInIndex = 1; lastKnownFileType = text.xcconfig; name = "Pods-LMChatUITests.release.xcconfig"; path = "Pods/Target Support Files/Pods-LMChatUITests/Pods-LMChatUITests.release.xcconfig"; sourceTree = "<group>"; };
		868402781D1CCB8200DF5380 /* LMChat.app */ = {isa = PBXFileReference; explicitFileType = wrapper.application; includeInIndex = 0; path = LMChat.app; sourceTree = BUILT_PRODUCTS_DIR; };
		8684027C1D1CCB8200DF5380 /* main.m */ = {isa = PBXFileReference; lastKnownFileType = sourcecode.c.objc; path = main.m; sourceTree = "<group>"; };
		8684027E1D1CCB8200DF5380 /* AppDelegate.h */ = {isa = PBXFileReference; lastKnownFileType = sourcecode.c.h; path = AppDelegate.h; sourceTree = "<group>"; };
		8684027F1D1CCB8200DF5380 /* AppDelegate.m */ = {isa = PBXFileReference; lastKnownFileType = sourcecode.c.objc; path = AppDelegate.m; sourceTree = "<group>"; };
		868402811D1CCB8200DF5380 /* ViewController.h */ = {isa = PBXFileReference; lastKnownFileType = sourcecode.c.h; path = ViewController.h; sourceTree = "<group>"; };
		868402821D1CCB8200DF5380 /* ViewController.m */ = {isa = PBXFileReference; lastKnownFileType = sourcecode.c.objc; path = ViewController.m; sourceTree = "<group>"; };
		868402851D1CCB8200DF5380 /* Base */ = {isa = PBXFileReference; lastKnownFileType = file.storyboard; name = Base; path = Base.lproj/Main.storyboard; sourceTree = "<group>"; };
		868402871D1CCB8200DF5380 /* Assets.xcassets */ = {isa = PBXFileReference; lastKnownFileType = folder.assetcatalog; path = Assets.xcassets; sourceTree = "<group>"; };
		8684028A1D1CCB8200DF5380 /* Base */ = {isa = PBXFileReference; lastKnownFileType = file.storyboard; name = Base; path = Base.lproj/LaunchScreen.storyboard; sourceTree = "<group>"; };
		8684028C1D1CCB8200DF5380 /* Info.plist */ = {isa = PBXFileReference; lastKnownFileType = text.plist.xml; path = Info.plist; sourceTree = "<group>"; };
		868402911D1CCB8200DF5380 /* LMChatTests.xctest */ = {isa = PBXFileReference; explicitFileType = wrapper.cfbundle; includeInIndex = 0; path = LMChatTests.xctest; sourceTree = BUILT_PRODUCTS_DIR; };
		868402951D1CCB8200DF5380 /* LMChatTests.m */ = {isa = PBXFileReference; lastKnownFileType = sourcecode.c.objc; path = LMChatTests.m; sourceTree = "<group>"; };
		868402971D1CCB8200DF5380 /* Info.plist */ = {isa = PBXFileReference; lastKnownFileType = text.plist.xml; path = Info.plist; sourceTree = "<group>"; };
		8684029C1D1CCB8200DF5380 /* LMChatUITests.xctest */ = {isa = PBXFileReference; explicitFileType = wrapper.cfbundle; includeInIndex = 0; path = LMChatUITests.xctest; sourceTree = BUILT_PRODUCTS_DIR; };
		868402A01D1CCB8200DF5380 /* LMChatUITests.m */ = {isa = PBXFileReference; lastKnownFileType = sourcecode.c.objc; path = LMChatUITests.m; sourceTree = "<group>"; };
		868402A21D1CCB8200DF5380 /* Info.plist */ = {isa = PBXFileReference; lastKnownFileType = text.plist.xml; path = Info.plist; sourceTree = "<group>"; };
		868402AF1D1CE13500DF5380 /* jpush-ios-2.1.8.a */ = {isa = PBXFileReference; lastKnownFileType = archive.ar; path = "jpush-ios-2.1.8.a"; sourceTree = "<group>"; };
		868402B01D1CE13500DF5380 /* JPUSHService.h */ = {isa = PBXFileReference; fileEncoding = 4; lastKnownFileType = sourcecode.c.h; path = JPUSHService.h; sourceTree = "<group>"; };
		868402B21D1CE16300DF5380 /* CFNetwork.framework */ = {isa = PBXFileReference; lastKnownFileType = wrapper.framework; name = CFNetwork.framework; path = System/Library/Frameworks/CFNetwork.framework; sourceTree = SDKROOT; };
		868402B41D1CE17300DF5380 /* CoreFoundation.framework */ = {isa = PBXFileReference; lastKnownFileType = wrapper.framework; name = CoreFoundation.framework; path = System/Library/Frameworks/CoreFoundation.framework; sourceTree = SDKROOT; };
		868402B61D1CE17B00DF5380 /* CoreTelephony.framework */ = {isa = PBXFileReference; lastKnownFileType = wrapper.framework; name = CoreTelephony.framework; path = System/Library/Frameworks/CoreTelephony.framework; sourceTree = SDKROOT; };
		868402B81D1CE18400DF5380 /* SystemConfiguration.framework */ = {isa = PBXFileReference; lastKnownFileType = wrapper.framework; name = SystemConfiguration.framework; path = System/Library/Frameworks/SystemConfiguration.framework; sourceTree = SDKROOT; };
		868402BA1D1CE18B00DF5380 /* CoreGraphics.framework */ = {isa = PBXFileReference; lastKnownFileType = wrapper.framework; name = CoreGraphics.framework; path = System/Library/Frameworks/CoreGraphics.framework; sourceTree = SDKROOT; };
		868402BC1D1CE19500DF5380 /* Foundation.framework */ = {isa = PBXFileReference; lastKnownFileType = wrapper.framework; name = Foundation.framework; path = System/Library/Frameworks/Foundation.framework; sourceTree = SDKROOT; };
		868402BE1D1CE19D00DF5380 /* UIKit.framework */ = {isa = PBXFileReference; lastKnownFileType = wrapper.framework; name = UIKit.framework; path = System/Library/Frameworks/UIKit.framework; sourceTree = SDKROOT; };
		868402C01D1CE1A400DF5380 /* Security.framework */ = {isa = PBXFileReference; lastKnownFileType = wrapper.framework; name = Security.framework; path = System/Library/Frameworks/Security.framework; sourceTree = SDKROOT; };
		868402C21D1CE1B200DF5380 /* libz.tbd */ = {isa = PBXFileReference; lastKnownFileType = "sourcecode.text-based-dylib-definition"; name = libz.tbd; path = usr/lib/libz.tbd; sourceTree = SDKROOT; };
		868402C41D1CE1B900DF5380 /* AdSupport.framework */ = {isa = PBXFileReference; lastKnownFileType = wrapper.framework; name = AdSupport.framework; path = System/Library/Frameworks/AdSupport.framework; sourceTree = SDKROOT; };
		AE7656521D9CEE2B82FA60F4 /* Pods-LMChatUITests.debug.xcconfig */ = {isa = PBXFileReference; includeInIndex = 1; lastKnownFileType = text.xcconfig; name = "Pods-LMChatUITests.debug.xcconfig"; path = "Pods/Target Support Files/Pods-LMChatUITests/Pods-LMChatUITests.debug.xcconfig"; sourceTree = "<group>"; };
		D84FB6D601DC0F1F355EBF04 /* libPods-LMChatUITests.a */ = {isa = PBXFileReference; explicitFileType = archive.ar; includeInIndex = 0; path = "libPods-LMChatUITests.a"; sourceTree = BUILT_PRODUCTS_DIR; };
		EC9E65938EC210FCC9491A24 /* Pods-LMChat.release.xcconfig */ = {isa = PBXFileReference; includeInIndex = 1; lastKnownFileType = text.xcconfig; name = "Pods-LMChat.release.xcconfig"; path = "Pods/Target Support Files/Pods-LMChat/Pods-LMChat.release.xcconfig"; sourceTree = "<group>"; };
		FC04BC1637D14F197DBC1753 /* Pods-LMChat.debug.xcconfig */ = {isa = PBXFileReference; includeInIndex = 1; lastKnownFileType = text.xcconfig; name = "Pods-LMChat.debug.xcconfig"; path = "Pods/Target Support Files/Pods-LMChat/Pods-LMChat.debug.xcconfig"; sourceTree = "<group>"; };
/* End PBXFileReference section */

/* Begin PBXFrameworksBuildPhase section */
		868402751D1CCB8200DF5380 /* Frameworks */ = {
			isa = PBXFrameworksBuildPhase;
			buildActionMask = 2147483647;
			files = (
				868402C31D1CE1B200DF5380 /* libz.tbd in Frameworks */,
				868402C11D1CE1A400DF5380 /* Security.framework in Frameworks */,
				868402BF1D1CE19D00DF5380 /* UIKit.framework in Frameworks */,
				868402BD1D1CE19500DF5380 /* Foundation.framework in Frameworks */,
				868402BB1D1CE18B00DF5380 /* CoreGraphics.framework in Frameworks */,
				868402B91D1CE18400DF5380 /* SystemConfiguration.framework in Frameworks */,
				868402B71D1CE17B00DF5380 /* CoreTelephony.framework in Frameworks */,
				868402B51D1CE17300DF5380 /* CoreFoundation.framework in Frameworks */,
				868402B31D1CE16300DF5380 /* CFNetwork.framework in Frameworks */,
				868402B11D1CE13500DF5380 /* jpush-ios-2.1.8.a in Frameworks */,
				C485F8BF04A6969389709379 /* libPods-LMChat.a in Frameworks */,
			);
			runOnlyForDeploymentPostprocessing = 0;
		};
		8684028E1D1CCB8200DF5380 /* Frameworks */ = {
			isa = PBXFrameworksBuildPhase;
			buildActionMask = 2147483647;
			files = (
				13F54E0C93E9B282AF3044F7 /* libPods-LMChatTests.a in Frameworks */,
			);
			runOnlyForDeploymentPostprocessing = 0;
		};
		868402991D1CCB8200DF5380 /* Frameworks */ = {
			isa = PBXFrameworksBuildPhase;
			buildActionMask = 2147483647;
			files = (
				C56C8F13440255D37FDE13AC /* libPods-LMChatUITests.a in Frameworks */,
			);
			runOnlyForDeploymentPostprocessing = 0;
		};
/* End PBXFrameworksBuildPhase section */

/* Begin PBXGroup section */
		139124428B32FA38941F84DD /* Frameworks */ = {
			isa = PBXGroup;
			children = (
				868402C41D1CE1B900DF5380 /* AdSupport.framework */,
				868402C21D1CE1B200DF5380 /* libz.tbd */,
				868402C01D1CE1A400DF5380 /* Security.framework */,
				868402BE1D1CE19D00DF5380 /* UIKit.framework */,
				868402BC1D1CE19500DF5380 /* Foundation.framework */,
				868402BA1D1CE18B00DF5380 /* CoreGraphics.framework */,
				868402B81D1CE18400DF5380 /* SystemConfiguration.framework */,
				868402B61D1CE17B00DF5380 /* CoreTelephony.framework */,
				868402B41D1CE17300DF5380 /* CoreFoundation.framework */,
				868402B21D1CE16300DF5380 /* CFNetwork.framework */,
				7317014D25CA17C4DC8FC810 /* libPods-LMChat.a */,
				7448832E2195E070BA67A6A6 /* libPods-LMChatTests.a */,
				D84FB6D601DC0F1F355EBF04 /* libPods-LMChatUITests.a */,
			);
			name = Frameworks;
			sourceTree = "<group>";
		};
		8684026F1D1CCB8200DF5380 = {
			isa = PBXGroup;
			children = (
				8684027A1D1CCB8200DF5380 /* LMChat */,
				868402941D1CCB8200DF5380 /* LMChatTests */,
				8684029F1D1CCB8200DF5380 /* LMChatUITests */,
				868402791D1CCB8200DF5380 /* Products */,
				BF8A82735699759B57C8740E /* Pods */,
				139124428B32FA38941F84DD /* Frameworks */,
			);
			sourceTree = "<group>";
		};
		868402791D1CCB8200DF5380 /* Products */ = {
			isa = PBXGroup;
			children = (
				868402781D1CCB8200DF5380 /* LMChat.app */,
				868402911D1CCB8200DF5380 /* LMChatTests.xctest */,
				8684029C1D1CCB8200DF5380 /* LMChatUITests.xctest */,
			);
			name = Products;
			sourceTree = "<group>";
		};
		8684027A1D1CCB8200DF5380 /* LMChat */ = {
			isa = PBXGroup;
			children = (
				868402AE1D1CE13500DF5380 /* lib */,
				8684027E1D1CCB8200DF5380 /* AppDelegate.h */,
				8684027F1D1CCB8200DF5380 /* AppDelegate.m */,
				868402811D1CCB8200DF5380 /* ViewController.h */,
				868402821D1CCB8200DF5380 /* ViewController.m */,
				868402841D1CCB8200DF5380 /* Main.storyboard */,
				868402871D1CCB8200DF5380 /* Assets.xcassets */,
				868402891D1CCB8200DF5380 /* LaunchScreen.storyboard */,
				8684028C1D1CCB8200DF5380 /* Info.plist */,
				8684027B1D1CCB8200DF5380 /* Supporting Files */,
			);
			path = LMChat;
			sourceTree = "<group>";
		};
		8684027B1D1CCB8200DF5380 /* Supporting Files */ = {
			isa = PBXGroup;
			children = (
				8684027C1D1CCB8200DF5380 /* main.m */,
			);
			name = "Supporting Files";
			sourceTree = "<group>";
		};
		868402941D1CCB8200DF5380 /* LMChatTests */ = {
			isa = PBXGroup;
			children = (
				868402951D1CCB8200DF5380 /* LMChatTests.m */,
				868402971D1CCB8200DF5380 /* Info.plist */,
			);
			path = LMChatTests;
			sourceTree = "<group>";
		};
		8684029F1D1CCB8200DF5380 /* LMChatUITests */ = {
			isa = PBXGroup;
			children = (
				868402A01D1CCB8200DF5380 /* LMChatUITests.m */,
				868402A21D1CCB8200DF5380 /* Info.plist */,
			);
			path = LMChatUITests;
			sourceTree = "<group>";
		};
		868402AE1D1CE13500DF5380 /* lib */ = {
			isa = PBXGroup;
			children = (
				868402AF1D1CE13500DF5380 /* jpush-ios-2.1.8.a */,
				868402B01D1CE13500DF5380 /* JPUSHService.h */,
			);
			path = lib;
			sourceTree = "<group>";
		};
		BF8A82735699759B57C8740E /* Pods */ = {
			isa = PBXGroup;
			children = (
				FC04BC1637D14F197DBC1753 /* Pods-LMChat.debug.xcconfig */,
				EC9E65938EC210FCC9491A24 /* Pods-LMChat.release.xcconfig */,
				7DA7D0E791281F6819827190 /* Pods-LMChatTests.debug.xcconfig */,
				6EED81FCE25008CF9ADA2A00 /* Pods-LMChatTests.release.xcconfig */,
				AE7656521D9CEE2B82FA60F4 /* Pods-LMChatUITests.debug.xcconfig */,
				8550E49611866C238C2324A0 /* Pods-LMChatUITests.release.xcconfig */,
			);
			name = Pods;
			sourceTree = "<group>";
		};
/* End PBXGroup section */

/* Begin PBXNativeTarget section */
		868402771D1CCB8200DF5380 /* LMChat */ = {
			isa = PBXNativeTarget;
			buildConfigurationList = 868402A51D1CCB8200DF5380 /* Build configuration list for PBXNativeTarget "LMChat" */;
			buildPhases = (
				F5C8D7B7F1429AB2CCA4BAAB /* [CP] Check Pods Manifest.lock */,
				868402741D1CCB8200DF5380 /* Sources */,
				868402751D1CCB8200DF5380 /* Frameworks */,
				868402761D1CCB8200DF5380 /* Resources */,
				48B55A9068E1970BB1C93B1F /* [CP] Embed Pods Frameworks */,
				C9D21156A92C512C748C71EF /* [CP] Copy Pods Resources */,
			);
			buildRules = (
			);
			dependencies = (
			);
			name = LMChat;
			productName = LMChat;
			productReference = 868402781D1CCB8200DF5380 /* LMChat.app */;
			productType = "com.apple.product-type.application";
		};
		868402901D1CCB8200DF5380 /* LMChatTests */ = {
			isa = PBXNativeTarget;
			buildConfigurationList = 868402A81D1CCB8200DF5380 /* Build configuration list for PBXNativeTarget "LMChatTests" */;
			buildPhases = (
				E67188818BBBED564B8319B0 /* [CP] Check Pods Manifest.lock */,
				8684028D1D1CCB8200DF5380 /* Sources */,
				8684028E1D1CCB8200DF5380 /* Frameworks */,
				8684028F1D1CCB8200DF5380 /* Resources */,
				62C78CBACF77863ADCD4E900 /* [CP] Embed Pods Frameworks */,
				23761928F6D5D5240EC44F87 /* [CP] Copy Pods Resources */,
			);
			buildRules = (
			);
			dependencies = (
				868402931D1CCB8200DF5380 /* PBXTargetDependency */,
			);
			name = LMChatTests;
			productName = LMChatTests;
			productReference = 868402911D1CCB8200DF5380 /* LMChatTests.xctest */;
			productType = "com.apple.product-type.bundle.unit-test";
		};
		8684029B1D1CCB8200DF5380 /* LMChatUITests */ = {
			isa = PBXNativeTarget;
			buildConfigurationList = 868402AB1D1CCB8200DF5380 /* Build configuration list for PBXNativeTarget "LMChatUITests" */;
			buildPhases = (
				A12DF6433AD6D014F04742B4 /* [CP] Check Pods Manifest.lock */,
				868402981D1CCB8200DF5380 /* Sources */,
				868402991D1CCB8200DF5380 /* Frameworks */,
				8684029A1D1CCB8200DF5380 /* Resources */,
				EEBBABC79619228EC87233A9 /* [CP] Copy Pods Resources */,
			);
			buildRules = (
			);
			dependencies = (
				8684029E1D1CCB8200DF5380 /* PBXTargetDependency */,
			);
			name = LMChatUITests;
			productName = LMChatUITests;
			productReference = 8684029C1D1CCB8200DF5380 /* LMChatUITests.xctest */;
			productType = "com.apple.product-type.bundle.ui-testing";
		};
/* End PBXNativeTarget section */

/* Begin PBXProject section */
		868402701D1CCB8200DF5380 /* Project object */ = {
			isa = PBXProject;
			attributes = {
				LastUpgradeCheck = 0730;
				ORGANIZATIONNAME = CoderDoctorLee;
				TargetAttributes = {
					868402771D1CCB8200DF5380 = {
						CreatedOnToolsVersion = 7.3.1;
					};
					868402901D1CCB8200DF5380 = {
						CreatedOnToolsVersion = 7.3.1;
						TestTargetID = 868402771D1CCB8200DF5380;
					};
					8684029B1D1CCB8200DF5380 = {
						CreatedOnToolsVersion = 7.3.1;
						TestTargetID = 868402771D1CCB8200DF5380;
					};
				};
			};
			buildConfigurationList = 868402731D1CCB8200DF5380 /* Build configuration list for PBXProject "LMChat" */;
			compatibilityVersion = "Xcode 3.2";
			developmentRegion = English;
			hasScannedForEncodings = 0;
			knownRegions = (
				en,
				Base,
			);
			mainGroup = 8684026F1D1CCB8200DF5380;
			productRefGroup = 868402791D1CCB8200DF5380 /* Products */;
			projectDirPath = "";
			projectRoot = "";
			targets = (
				868402771D1CCB8200DF5380 /* LMChat */,
				868402901D1CCB8200DF5380 /* LMChatTests */,
				8684029B1D1CCB8200DF5380 /* LMChatUITests */,
			);
		};
/* End PBXProject section */

/* Begin PBXResourcesBuildPhase section */
		868402761D1CCB8200DF5380 /* Resources */ = {
			isa = PBXResourcesBuildPhase;
			buildActionMask = 2147483647;
			files = (
				8684028B1D1CCB8200DF5380 /* LaunchScreen.storyboard in Resources */,
				868402881D1CCB8200DF5380 /* Assets.xcassets in Resources */,
				868402861D1CCB8200DF5380 /* Main.storyboard in Resources */,
			);
			runOnlyForDeploymentPostprocessing = 0;
		};
		8684028F1D1CCB8200DF5380 /* Resources */ = {
			isa = PBXResourcesBuildPhase;
			buildActionMask = 2147483647;
			files = (
			);
			runOnlyForDeploymentPostprocessing = 0;
		};
		8684029A1D1CCB8200DF5380 /* Resources */ = {
			isa = PBXResourcesBuildPhase;
			buildActionMask = 2147483647;
			files = (
			);
			runOnlyForDeploymentPostprocessing = 0;
		};
/* End PBXResourcesBuildPhase section */

/* Begin PBXShellScriptBuildPhase section */
		23761928F6D5D5240EC44F87 /* [CP] Copy Pods Resources */ = {
			isa = PBXShellScriptBuildPhase;
			buildActionMask = 2147483647;
			files = (
			);
			inputPaths = (
			);
			name = "[CP] Copy Pods Resources";
			outputPaths = (
			);
			runOnlyForDeploymentPostprocessing = 0;
			shellPath = /bin/sh;
			shellScript = "\"${SRCROOT}/Pods/Target Support Files/Pods-LMChatTests/Pods-LMChatTests-resources.sh\"\n";
			showEnvVarsInLog = 0;
		};
		48B55A9068E1970BB1C93B1F /* [CP] Embed Pods Frameworks */ = {
			isa = PBXShellScriptBuildPhase;
			buildActionMask = 2147483647;
			files = (
			);
			inputPaths = (
			);
			name = "[CP] Embed Pods Frameworks";
			outputPaths = (
			);
			runOnlyForDeploymentPostprocessing = 0;
			shellPath = /bin/sh;
			shellScript = "\"${SRCROOT}/Pods/Target Support Files/Pods-LMChat/Pods-LMChat-frameworks.sh\"\n";
			showEnvVarsInLog = 0;
		};
		62C78CBACF77863ADCD4E900 /* [CP] Embed Pods Frameworks */ = {
			isa = PBXShellScriptBuildPhase;
			buildActionMask = 2147483647;
			files = (
			);
			inputPaths = (
			);
			name = "[CP] Embed Pods Frameworks";
			outputPaths = (
			);
			runOnlyForDeploymentPostprocessing = 0;
			shellPath = /bin/sh;
			shellScript = "\"${SRCROOT}/Pods/Target Support Files/Pods-LMChatTests/Pods-LMChatTests-frameworks.sh\"\n";
			showEnvVarsInLog = 0;
		};
		A12DF6433AD6D014F04742B4 /* [CP] Check Pods Manifest.lock */ = {
			isa = PBXShellScriptBuildPhase;
			buildActionMask = 2147483647;
			files = (
			);
			inputPaths = (
			);
			name = "[CP] Check Pods Manifest.lock";
			outputPaths = (
			);
			runOnlyForDeploymentPostprocessing = 0;
			shellPath = /bin/sh;
			shellScript = "diff \"${PODS_ROOT}/../Podfile.lock\" \"${PODS_ROOT}/Manifest.lock\" > /dev/null\nif [[ $? != 0 ]] ; then\n    cat << EOM\nerror: The sandbox is not in sync with the Podfile.lock. Run 'pod install' or update your CocoaPods installation.\nEOM\n    exit 1\nfi\n";
			showEnvVarsInLog = 0;
		};
		C9D21156A92C512C748C71EF /* [CP] Copy Pods Resources */ = {
			isa = PBXShellScriptBuildPhase;
			buildActionMask = 2147483647;
			files = (
			);
			inputPaths = (
			);
			name = "[CP] Copy Pods Resources";
			outputPaths = (
			);
			runOnlyForDeploymentPostprocessing = 0;
			shellPath = /bin/sh;
			shellScript = "\"${SRCROOT}/Pods/Target Support Files/Pods-LMChat/Pods-LMChat-resources.sh\"\n";
			showEnvVarsInLog = 0;
		};
		E67188818BBBED564B8319B0 /* [CP] Check Pods Manifest.lock */ = {
			isa = PBXShellScriptBuildPhase;
			buildActionMask = 2147483647;
			files = (
			);
			inputPaths = (
			);
			name = "[CP] Check Pods Manifest.lock";
			outputPaths = (
			);
			runOnlyForDeploymentPostprocessing = 0;
			shellPath = /bin/sh;
			shellScript = "diff \"${PODS_ROOT}/../Podfile.lock\" \"${PODS_ROOT}/Manifest.lock\" > /dev/null\nif [[ $? != 0 ]] ; then\n    cat << EOM\nerror: The sandbox is not in sync with the Podfile.lock. Run 'pod install' or update your CocoaPods installation.\nEOM\n    exit 1\nfi\n";
			showEnvVarsInLog = 0;
		};
		EEBBABC79619228EC87233A9 /* [CP] Copy Pods Resources */ = {
			isa = PBXShellScriptBuildPhase;
			buildActionMask = 2147483647;
			files = (
			);
			inputPaths = (
			);
			name = "[CP] Copy Pods Resources";
			outputPaths = (
			);
			runOnlyForDeploymentPostprocessing = 0;
			shellPath = /bin/sh;
			shellScript = "\"${SRCROOT}/Pods/Target Support Files/Pods-LMChatUITests/Pods-LMChatUITests-resources.sh\"\n";
			showEnvVarsInLog = 0;
		};
		F5C8D7B7F1429AB2CCA4BAAB /* [CP] Check Pods Manifest.lock */ = {
			isa = PBXShellScriptBuildPhase;
			buildActionMask = 2147483647;
			files = (
			);
			inputPaths = (
			);
			name = "[CP] Check Pods Manifest.lock";
			outputPaths = (
			);
			runOnlyForDeploymentPostprocessing = 0;
			shellPath = /bin/sh;
			shellScript = "diff \"${PODS_ROOT}/../Podfile.lock\" \"${PODS_ROOT}/Manifest.lock\" > /dev/null\nif [[ $? != 0 ]] ; then\n    cat << EOM\nerror: The sandbox is not in sync with the Podfile.lock. Run 'pod install' or update your CocoaPods installation.\nEOM\n    exit 1\nfi\n";
			showEnvVarsInLog = 0;
		};
/* End PBXShellScriptBuildPhase section */

/* Begin PBXSourcesBuildPhase section */
		868402741D1CCB8200DF5380 /* Sources */ = {
			isa = PBXSourcesBuildPhase;
			buildActionMask = 2147483647;
			files = (
				868402831D1CCB8200DF5380 /* ViewController.m in Sources */,
				868402801D1CCB8200DF5380 /* AppDelegate.m in Sources */,
				8684027D1D1CCB8200DF5380 /* main.m in Sources */,
			);
			runOnlyForDeploymentPostprocessing = 0;
		};
		8684028D1D1CCB8200DF5380 /* Sources */ = {
			isa = PBXSourcesBuildPhase;
			buildActionMask = 2147483647;
			files = (
				868402961D1CCB8200DF5380 /* LMChatTests.m in Sources */,
			);
			runOnlyForDeploymentPostprocessing = 0;
		};
		868402981D1CCB8200DF5380 /* Sources */ = {
			isa = PBXSourcesBuildPhase;
			buildActionMask = 2147483647;
			files = (
				868402A11D1CCB8200DF5380 /* LMChatUITests.m in Sources */,
			);
			runOnlyForDeploymentPostprocessing = 0;
		};
/* End PBXSourcesBuildPhase section */

/* Begin PBXTargetDependency section */
		868402931D1CCB8200DF5380 /* PBXTargetDependency */ = {
			isa = PBXTargetDependency;
			target = 868402771D1CCB8200DF5380 /* LMChat */;
			targetProxy = 868402921D1CCB8200DF5380 /* PBXContainerItemProxy */;
		};
		8684029E1D1CCB8200DF5380 /* PBXTargetDependency */ = {
			isa = PBXTargetDependency;
			target = 868402771D1CCB8200DF5380 /* LMChat */;
			targetProxy = 8684029D1D1CCB8200DF5380 /* PBXContainerItemProxy */;
		};
/* End PBXTargetDependency section */

/* Begin PBXVariantGroup section */
		868402841D1CCB8200DF5380 /* Main.storyboard */ = {
			isa = PBXVariantGroup;
			children = (
				868402851D1CCB8200DF5380 /* Base */,
			);
			name = Main.storyboard;
			sourceTree = "<group>";
		};
		868402891D1CCB8200DF5380 /* LaunchScreen.storyboard */ = {
			isa = PBXVariantGroup;
			children = (
				8684028A1D1CCB8200DF5380 /* Base */,
			);
			name = LaunchScreen.storyboard;
			sourceTree = "<group>";
		};
/* End PBXVariantGroup section */

/* Begin XCBuildConfiguration section */
		868402A31D1CCB8200DF5380 /* Debug */ = {
			isa = XCBuildConfiguration;
			buildSettings = {
				ALWAYS_SEARCH_USER_PATHS = NO;
				CLANG_ANALYZER_NONNULL = YES;
				CLANG_CXX_LANGUAGE_STANDARD = "gnu++0x";
				CLANG_CXX_LIBRARY = "libc++";
				CLANG_ENABLE_MODULES = YES;
				CLANG_ENABLE_OBJC_ARC = YES;
				CLANG_WARN_BOOL_CONVERSION = YES;
				CLANG_WARN_CONSTANT_CONVERSION = YES;
				CLANG_WARN_DIRECT_OBJC_ISA_USAGE = YES_ERROR;
				CLANG_WARN_EMPTY_BODY = YES;
				CLANG_WARN_ENUM_CONVERSION = YES;
				CLANG_WARN_INT_CONVERSION = YES;
				CLANG_WARN_OBJC_ROOT_CLASS = YES_ERROR;
				CLANG_WARN_UNREACHABLE_CODE = YES;
				CLANG_WARN__DUPLICATE_METHOD_MATCH = YES;
				"CODE_SIGN_IDENTITY[sdk=iphoneos*]" = "iPhone Developer";
				COPY_PHASE_STRIP = NO;
				DEBUG_INFORMATION_FORMAT = dwarf;
				ENABLE_STRICT_OBJC_MSGSEND = YES;
				ENABLE_TESTABILITY = YES;
				GCC_C_LANGUAGE_STANDARD = gnu99;
				GCC_DYNAMIC_NO_PIC = NO;
				GCC_NO_COMMON_BLOCKS = YES;
				GCC_OPTIMIZATION_LEVEL = 0;
				GCC_PREPROCESSOR_DEFINITIONS = (
					"DEBUG=1",
					"$(inherited)",
				);
				GCC_WARN_64_TO_32_BIT_CONVERSION = YES;
				GCC_WARN_ABOUT_RETURN_TYPE = YES_ERROR;
				GCC_WARN_UNDECLARED_SELECTOR = YES;
				GCC_WARN_UNINITIALIZED_AUTOS = YES_AGGRESSIVE;
				GCC_WARN_UNUSED_FUNCTION = YES;
				GCC_WARN_UNUSED_VARIABLE = YES;
				IPHONEOS_DEPLOYMENT_TARGET = 9.3;
				MTL_ENABLE_DEBUG_INFO = YES;
				ONLY_ACTIVE_ARCH = YES;
				SDKROOT = iphoneos;
			};
			name = Debug;
		};
		868402A41D1CCB8200DF5380 /* Release */ = {
			isa = XCBuildConfiguration;
			buildSettings = {
				ALWAYS_SEARCH_USER_PATHS = NO;
				CLANG_ANALYZER_NONNULL = YES;
				CLANG_CXX_LANGUAGE_STANDARD = "gnu++0x";
				CLANG_CXX_LIBRARY = "libc++";
				CLANG_ENABLE_MODULES = YES;
				CLANG_ENABLE_OBJC_ARC = YES;
				CLANG_WARN_BOOL_CONVERSION = YES;
				CLANG_WARN_CONSTANT_CONVERSION = YES;
				CLANG_WARN_DIRECT_OBJC_ISA_USAGE = YES_ERROR;
				CLANG_WARN_EMPTY_BODY = YES;
				CLANG_WARN_ENUM_CONVERSION = YES;
				CLANG_WARN_INT_CONVERSION = YES;
				CLANG_WARN_OBJC_ROOT_CLASS = YES_ERROR;
				CLANG_WARN_UNREACHABLE_CODE = YES;
				CLANG_WARN__DUPLICATE_METHOD_MATCH = YES;
				"CODE_SIGN_IDENTITY[sdk=iphoneos*]" = "iPhone Developer";
				COPY_PHASE_STRIP = NO;
				DEBUG_INFORMATION_FORMAT = "dwarf-with-dsym";
				ENABLE_NS_ASSERTIONS = NO;
				ENABLE_STRICT_OBJC_MSGSEND = YES;
				GCC_C_LANGUAGE_STANDARD = gnu99;
				GCC_NO_COMMON_BLOCKS = YES;
				GCC_WARN_64_TO_32_BIT_CONVERSION = YES;
				GCC_WARN_ABOUT_RETURN_TYPE = YES_ERROR;
				GCC_WARN_UNDECLARED_SELECTOR = YES;
				GCC_WARN_UNINITIALIZED_AUTOS = YES_AGGRESSIVE;
				GCC_WARN_UNUSED_FUNCTION = YES;
				GCC_WARN_UNUSED_VARIABLE = YES;
				IPHONEOS_DEPLOYMENT_TARGET = 9.3;
				MTL_ENABLE_DEBUG_INFO = NO;
				SDKROOT = iphoneos;
				VALIDATE_PRODUCT = YES;
			};
			name = Release;
		};
		868402A61D1CCB8200DF5380 /* Debug */ = {
			isa = XCBuildConfiguration;
			baseConfigurationReference = FC04BC1637D14F197DBC1753 /* Pods-LMChat.debug.xcconfig */;
			buildSettings = {
				ASSETCATALOG_COMPILER_APPICON_NAME = AppIcon;
				INFOPLIST_FILE = LMChat/Info.plist;
				LD_RUNPATH_SEARCH_PATHS = "$(inherited) @executable_path/Frameworks";
				LIBRARY_SEARCH_PATHS = (
					"$(inherited)",
					"$(PROJECT_DIR)/LMChat/lib",
				);
				PRODUCT_BUNDLE_IDENTIFIER = com.Berry.LMChat;
				PRODUCT_NAME = "$(TARGET_NAME)";
			};
			name = Debug;
		};
		868402A71D1CCB8200DF5380 /* Release */ = {
			isa = XCBuildConfiguration;
			baseConfigurationReference = EC9E65938EC210FCC9491A24 /* Pods-LMChat.release.xcconfig */;
			buildSettings = {
				ASSETCATALOG_COMPILER_APPICON_NAME = AppIcon;
				INFOPLIST_FILE = LMChat/Info.plist;
				LD_RUNPATH_SEARCH_PATHS = "$(inherited) @executable_path/Frameworks";
				LIBRARY_SEARCH_PATHS = (
					"$(inherited)",
					"$(PROJECT_DIR)/LMChat/lib",
				);
				PRODUCT_BUNDLE_IDENTIFIER = com.Berry.LMChat;
				PRODUCT_NAME = "$(TARGET_NAME)";
			};
			name = Release;
		};
		868402A91D1CCB8200DF5380 /* Debug */ = {
			isa = XCBuildConfiguration;
			baseConfigurationReference = 7DA7D0E791281F6819827190 /* Pods-LMChatTests.debug.xcconfig */;
			buildSettings = {
				BUNDLE_LOADER = "$(TEST_HOST)";
				INFOPLIST_FILE = LMChatTests/Info.plist;
				LD_RUNPATH_SEARCH_PATHS = "$(inherited) @executable_path/Frameworks @loader_path/Frameworks";
				PRODUCT_BUNDLE_IDENTIFIER = com.Berry.LMChatTests;
				PRODUCT_NAME = "$(TARGET_NAME)";
				TEST_HOST = "$(BUILT_PRODUCTS_DIR)/LMChat.app/LMChat";
			};
			name = Debug;
		};
		868402AA1D1CCB8200DF5380 /* Release */ = {
			isa = XCBuildConfiguration;
			baseConfigurationReference = 6EED81FCE25008CF9ADA2A00 /* Pods-LMChatTests.release.xcconfig */;
			buildSettings = {
				BUNDLE_LOADER = "$(TEST_HOST)";
				INFOPLIST_FILE = LMChatTests/Info.plist;
				LD_RUNPATH_SEARCH_PATHS = "$(inherited) @executable_path/Frameworks @loader_path/Frameworks";
				PRODUCT_BUNDLE_IDENTIFIER = com.Berry.LMChatTests;
				PRODUCT_NAME = "$(TARGET_NAME)";
				TEST_HOST = "$(BUILT_PRODUCTS_DIR)/LMChat.app/LMChat";
			};
			name = Release;
		};
		868402AC1D1CCB8200DF5380 /* Debug */ = {
			isa = XCBuildConfiguration;
			baseConfigurationReference = AE7656521D9CEE2B82FA60F4 /* Pods-LMChatUITests.debug.xcconfig */;
			buildSettings = {
				INFOPLIST_FILE = LMChatUITests/Info.plist;
				LD_RUNPATH_SEARCH_PATHS = "$(inherited) @executable_path/Frameworks @loader_path/Frameworks";
				PRODUCT_BUNDLE_IDENTIFIER = com.Berry.LMChatUITests;
				PRODUCT_NAME = "$(TARGET_NAME)";
				TEST_TARGET_NAME = LMChat;
			};
			name = Debug;
		};
		868402AD1D1CCB8200DF5380 /* Release */ = {
			isa = XCBuildConfiguration;
			baseConfigurationReference = 8550E49611866C238C2324A0 /* Pods-LMChatUITests.release.xcconfig */;
			buildSettings = {
				INFOPLIST_FILE = LMChatUITests/Info.plist;
				LD_RUNPATH_SEARCH_PATHS = "$(inherited) @executable_path/Frameworks @loader_path/Frameworks";
				PRODUCT_BUNDLE_IDENTIFIER = com.Berry.LMChatUITests;
				PRODUCT_NAME = "$(TARGET_NAME)";
				TEST_TARGET_NAME = LMChat;
			};
			name = Release;
		};
/* End XCBuildConfiguration section */

/* Begin XCConfigurationList section */
		868402731D1CCB8200DF5380 /* Build configuration list for PBXProject "LMChat" */ = {
			isa = XCConfigurationList;
			buildConfigurations = (
				868402A31D1CCB8200DF5380 /* Debug */,
				868402A41D1CCB8200DF5380 /* Release */,
			);
			defaultConfigurationIsVisible = 0;
			defaultConfigurationName = Release;
		};
		868402A51D1CCB8200DF5380 /* Build configuration list for PBXNativeTarget "LMChat" */ = {
			isa = XCConfigurationList;
			buildConfigurations = (
				868402A61D1CCB8200DF5380 /* Debug */,
				868402A71D1CCB8200DF5380 /* Release */,
			);
			defaultConfigurationIsVisible = 0;
			defaultConfigurationName = Release;
		};
		868402A81D1CCB8200DF5380 /* Build configuration list for PBXNativeTarget "LMChatTests" */ = {
			isa = XCConfigurationList;
			buildConfigurations = (
				868402A91D1CCB8200DF5380 /* Debug */,
				868402AA1D1CCB8200DF5380 /* Release */,
			);
			defaultConfigurationIsVisible = 0;
			defaultConfigurationName = Release;
		};
		868402AB1D1CCB8200DF5380 /* Build configuration list for PBXNativeTarget "LMChatUITests" */ = {
			isa = XCConfigurationList;
			buildConfigurations = (
				868402AC1D1CCB8200DF5380 /* Debug */,
				868402AD1D1CCB8200DF5380 /* Release */,
			);
			defaultConfigurationIsVisible = 0;
			defaultConfigurationName = Release;
		};
/* End XCConfigurationList section */
	};
	rootObject = 868402701D1CCB8200DF5380 /* Project object */;
}
